Microsoft Visual Studio Solution File, Format Version 12.00
# Visual Studio Version 16
VisualStudioVersion = 16.0.30011.22
MinimumVisualStudioVersion = 10.0.40219.1
Project("{6EC3EE1D-3C4E-46DD-8F32-0CC8E7565705}") = "BertQA", "BertQA\BertQA.fsproj", "{C970706A-6CCD-4279-B815-D0C1F6F46A2B}"
EndProject
Project("{F2A71F9B-5D33-465A-A702-920D77279786}") = "BertQA.Android", "BertQA.Android\BertQA.Android.fsproj", "{32D4383B-5D2B-4904-B5BE-49216F84F98B}"
EndProject
Project("{2150E333-8FDC-42A3-9474-1A3956D46DE8}") = "Solution Items", "Solution Items", "{4B9B2AA0-920C-4FAD-ACD1-E7E39045274C}"
	ProjectSection(SolutionItems) = preProject
		readme.md = readme.md
	EndProjectSection
EndProject
Global
	GlobalSection(SolutionConfigurationPlatforms) = preSolution
		Ad-Hoc|Any CPU = Ad-Hoc|Any CPU
		Ad-Hoc|ARM = Ad-Hoc|ARM
		Ad-Hoc|iPhone = Ad-Hoc|iPhone
		Ad-Hoc|iPhoneSimulator = Ad-Hoc|iPhoneSimulator
		Ad-Hoc|x64 = Ad-Hoc|x64
		Ad-Hoc|x86 = Ad-Hoc|x86
		AppStore|Any CPU = AppStore|Any CPU
		AppStore|ARM = AppStore|ARM
		AppStore|iPhone = AppStore|iPhone
		AppStore|iPhoneSimulator = AppStore|iPhoneSimulator
		AppStore|x64 = AppStore|x64
		AppStore|x86 = AppStore|x86
		Debug|Any CPU = Debug|Any CPU
		Debug|ARM = Debug|ARM
		Debug|iPhone = Debug|iPhone
		Debug|iPhoneSimulator = Debug|iPhoneSimulator
		Debug|x64 = Debug|x64
		Debug|x86 = Debug|x86
		Release|Any CPU = Release|Any CPU
		Release|ARM = Release|ARM
		Release|iPhone = Release|iPhone
		Release|iPhoneSimulator = Release|iPhoneSimulator
		Release|x64 = Release|x64
		Release|x86 = Release|x86
	EndGlobalSection
	GlobalSection(ProjectConfigurationPlatforms) = postSolution
		{C970706A-6CCD-4279-B815-D0C1F6F46A2B}.Ad-Hoc|Any CPU.ActiveCfg = Debug|Any CPU
		{C970706A-6CCD-4279-B815-D0C1F6F46A2B}.Ad-Hoc|Any CPU.Build.0 = Debug|Any CPU
		{C970706A-6CCD-4279-B815-D0C1F6F46A2B}.Ad-Hoc|ARM.ActiveCfg = Debug|Any CPU
		{C970706A-6CCD-4279-B815-D0C1F6F46A2B}.Ad-Hoc|ARM.Build.0 = Debug|Any CPU
		{C970706A-6CCD-4279-B815-D0C1F6F46A2B}.Ad-Hoc|iPhone.ActiveCfg = Debug|Any CPU
		{C970706A-6CCD-4279-B815-D0C1F6F46A2B}.Ad-Hoc|iPhone.Build.0 = Debug|Any CPU
		{C970706A-6CCD-4279-B815-D0C1F6F46A2B}.Ad-Hoc|iPhoneSimulator.ActiveCfg = Debug|Any CPU
		{C970706A-6CCD-4279-B815-D0C1F6F46A2B}.Ad-Hoc|iPhoneSimulator.Build.0 = Debug|Any CPU
		{C970706A-6CCD-4279-B815-D0C1F6F46A2B}.Ad-Hoc|x64.ActiveCfg = Debug|Any CPU
		{C970706A-6CCD-4279-B815-D0C1F6F46A2B}.Ad-Hoc|x64.Build.0 = Debug|Any CPU
		{C970706A-6CCD-4279-B815-D0C1F6F46A2B}.Ad-Hoc|x86.ActiveCfg = Debug|Any CPU
		{C970706A-6CCD-4279-B815-D0C1F6F46A2B}.Ad-Hoc|x86.Build.0 = Debug|Any CPU
		{C970706A-6CCD-4279-B815-D0C1F6F46A2B}.AppStore|Any CPU.ActiveCfg = Debug|Any CPU
		{C970706A-6CCD-4279-B815-D0C1F6F46A2B}.AppStore|Any CPU.Build.0 = Debug|Any CPU
		{C970706A-6CCD-4279-B815-D0C1F6F46A2B}.AppStore|ARM.ActiveCfg = Debug|Any CPU
		{C970706A-6CCD-4279-B815-D0C1F6F46A2B}.AppStore|ARM.Build.0 = Debug|Any CPU
		{C970706A-6CCD-4279-B815-D0C1F6F46A2B}.AppStore|iPhone.ActiveCfg = Debug|Any CPU
		{C970706A-6CCD-4279-B815-D0C1F6F46A2B}.AppStore|iPhone.Build.0 = Debug|Any CPU
		{C970706A-6CCD-4279-B815-D0C1F6F46A2B}.AppStore|iPhoneSimulator.ActiveCfg = Debug|Any CPU
		{C970706A-6CCD-4279-B815-D0C1F6F46A2B}.AppStore|iPhoneSimulator.Build.0 = Debug|Any CPU
		{C970706A-6CCD-4279-B815-D0C1F6F46A2B}.AppStore|x64.ActiveCfg = Debug|Any CPU
		{C970706A-6CCD-4279-B815-D0C1F6F46A2B}.AppStore|x64.Build.0 = Debug|Any CPU
		{C970706A-6CCD-4279-B815-D0C1F6F46A2B}.AppStore|x86.ActiveCfg = Debug|Any CPU
		{C970706A-6CCD-4279-B815-D0C1F6F46A2B}.AppStore|x86.Build.0 = Debug|Any CPU
		{C970706A-6CCD-4279-B815-D0C1F6F46A2B}.Debug|Any CPU.ActiveCfg = Debug|Any CPU
		{C970706A-6CCD-4279-B815-D0C1F6F46A2B}.Debug|Any CPU.Build.0 = Debug|Any CPU
		{C970706A-6CCD-4279-B815-D0C1F6F46A2B}.Debug|ARM.ActiveCfg = Debug|Any CPU
		{C970706A-6CCD-4279-B815-D0C1F6F46A2B}.Debug|ARM.Build.0 = Debug|Any CPU
		{C970706A-6CCD-4279-B815-D0C1F6F46A2B}.Debug|iPhone.ActiveCfg = Debug|Any CPU
		{C970706A-6CCD-4279-B815-D0C1F6F46A2B}.Debug|iPhone.Build.0 = Debug|Any CPU
		{C970706A-6CCD-4279-B815-D0C1F6F46A2B}.Debug|iPhoneSimulator.ActiveCfg = Debug|Any CPU
		{C970706A-6CCD-4279-B815-D0C1F6F46A2B}.Debug|iPhoneSimulator.Build.0 = Debug|Any CPU
		{C970706A-6CCD-4279-B815-D0C1F6F46A2B}.Debug|x64.ActiveCfg = Debug|Any CPU
		{C970706A-6CCD-4279-B815-D0C1F6F46A2B}.Debug|x64.Build.0 = Debug|Any CPU
		{C970706A-6CCD-4279-B815-D0C1F6F46A2B}.Debug|x86.ActiveCfg = Debug|Any CPU
		{C970706A-6CCD-4279-B815-D0C1F6F46A2B}.Debug|x86.Build.0 = Debug|Any CPU
		{C970706A-6CCD-4279-B815-D0C1F6F46A2B}.Release|Any CPU.ActiveCfg = Release|Any CPU
		{C970706A-6CCD-4279-B815-D0C1F6F46A2B}.Release|Any CPU.Build.0 = Release|Any CPU
		{C970706A-6CCD-4279-B815-D0C1F6F46A2B}.Release|ARM.ActiveCfg = Release|Any CPU
		{C970706A-6CCD-4279-B815-D0C1F6F46A2B}.Release|ARM.Build.0 = Release|Any CPU
		{C970706A-6CCD-4279-B815-D0C1F6F46A2B}.Release|iPhone.ActiveCfg = Release|Any CPU
		{C970706A-6CCD-4279-B815-D0C1F6F46A2B}.Release|iPhone.Build.0 = Release|Any CPU
		{C970706A-6CCD-4279-B815-D0C1F6F46A2B}.Release|iPhoneSimulator.ActiveCfg = Release|Any CPU
		{C970706A-6CCD-4279-B815-D0C1F6F46A2B}.Release|iPhoneSimulator.Build.0 = Release|Any CPU
		{C970706A-6CCD-4279-B815-D0C1F6F46A2B}.Release|x64.ActiveCfg = Release|Any CPU
		{C970706A-6CCD-4279-B815-D0C1F6F46A2B}.Release|x64.Build.0 = Release|Any CPU
		{C970706A-6CCD-4279-B815-D0C1F6F46A2B}.Release|x86.ActiveCfg = Release|Any CPU
		{C970706A-6CCD-4279-B815-D0C1F6F46A2B}.Release|x86.Build.0 = Release|Any CPU
		{32D4383B-5D2B-4904-B5BE-49216F84F98B}.Ad-Hoc|Any CPU.ActiveCfg = Release|Any CPU
		{32D4383B-5D2B-4904-B5BE-49216F84F98B}.Ad-Hoc|Any CPU.Build.0 = Release|Any CPU
		{32D4383B-5D2B-4904-B5BE-49216F84F98B}.Ad-Hoc|ARM.ActiveCfg = Release|Any CPU
		{32D4383B-5D2B-4904-B5BE-49216F84F98B}.Ad-Hoc|ARM.Build.0 = Release|Any CPU
		{32D4383B-5D2B-4904-B5BE-49216F84F98B}.Ad-Hoc|iPhone.ActiveCfg = Release|Any CPU
		{32D4383B-5D2B-4904-B5BE-49216F84F98B}.Ad-Hoc|iPhone.Build.0 = Release|Any CPU
		{32D4383B-5D2B-4904-B5BE-49216F84F98B}.Ad-Hoc|iPhoneSimulator.ActiveCfg = Release|Any CPU
		{32D4383B-5D2B-4904-B5BE-49216F84F98B}.Ad-Hoc|iPhoneSimulator.Build.0 = Release|Any CPU
		{32D4383B-5D2B-4904-B5BE-49216F84F98B}.Ad-Hoc|x64.ActiveCfg = Release|Any CPU
		{32D4383B-5D2B-4904-B5BE-49216F84F98B}.Ad-Hoc|x64.Build.0 = Release|Any CPU
		{32D4383B-5D2B-4904-B5BE-49216F84F98B}.Ad-Hoc|x86.ActiveCfg = Release|Any CPU
		{32D4383B-5D2B-4904-B5BE-49216F84F98B}.Ad-Hoc|x86.Build.0 = Release|Any CPU
		{32D4383B-5D2B-4904-B5BE-49216F84F98B}.AppStore|Any CPU.ActiveCfg = Release|Any CPU
		{32D4383B-5D2B-4904-B5BE-49216F84F98B}.AppStore|Any CPU.Build.0 = Release|Any CPU
		{32D4383B-5D2B-4904-B5BE-49216F84F98B}.AppStore|ARM.ActiveCfg = Release|Any CPU
		{32D4383B-5D2B-4904-B5BE-49216F84F98B}.AppStore|ARM.Build.0 = Release|Any CPU
		{32D4383B-5D2B-4904-B5BE-49216F84F98B}.AppStore|iPhone.ActiveCfg = Release|Any CPU
		{32D4383B-5D2B-4904-B5BE-49216F84F98B}.AppStore|iPhone.Build.0 = Release|Any CPU
		{32D4383B-5D2B-4904-B5BE-49216F84F98B}.AppStore|iPhoneSimulator.ActiveCfg = Release|Any CPU
		{32D4383B-5D2B-4904-B5BE-49216F84F98B}.AppStore|iPhoneSimulator.Build.0 = Release|Any CPU
		{32D4383B-5D2B-4904-B5BE-49216F84F98B}.AppStore|x64.ActiveCfg = Release|Any CPU
		{32D4383B-5D2B-4904-B5BE-49216F84F98B}.AppStore|x64.Build.0 = Release|Any CPU
		{32D4383B-5D2B-4904-B5BE-49216F84F98B}.AppStore|x86.ActiveCfg = Release|Any CPU
		{32D4383B-5D2B-4904-B5BE-49216F84F98B}.AppStore|x86.Build.0 = Release|Any CPU
		{32D4383B-5D2B-4904-B5BE-49216F84F98B}.Debug|Any CPU.ActiveCfg = Debug|Any CPU
		{32D4383B-5D2B-4904-B5BE-49216F84F98B}.Debug|Any CPU.Build.0 = Debug|Any CPU
		{32D4383B-5D2B-4904-B5BE-49216F84F98B}.Debug|Any CPU.Deploy.0 = Debug|Any CPU
		{32D4383B-5D2B-4904-B5BE-49216F84F98B}.Debug|ARM.ActiveCfg = Debug|Any CPU
		{32D4383B-5D2B-4904-B5BE-49216F84F98B}.Debug|ARM.Build.0 = Debug|Any CPU
		{32D4383B-5D2B-4904-B5BE-49216F84F98B}.Debug|iPhone.ActiveCfg = Debug|Any CPU
		{32D4383B-5D2B-4904-B5BE-49216F84F98B}.Debug|iPhone.Build.0 = Debug|Any CPU
		{32D4383B-5D2B-4904-B5BE-49216F84F98B}.Debug|iPhoneSimulator.ActiveCfg = Debug|Any CPU
		{32D4383B-5D2B-4904-B5BE-49216F84F98B}.Debug|iPhoneSimulator.Build.0 = Debug|Any CPU
		{32D4383B-5D2B-4904-B5BE-49216F84F98B}.Debug|x64.ActiveCfg = Debug|Any CPU
		{32D4383B-5D2B-4904-B5BE-49216F84F98B}.Debug|x64.Build.0 = Debug|Any CPU
		{32D4383B-5D2B-4904-B5BE-49216F84F98B}.Debug|x86.ActiveCfg = Debug|Any CPU
		{32D4383B-5D2B-4904-B5BE-49216F84F98B}.Debug|x86.Build.0 = Debug|Any CPU
		{32D4383B-5D2B-4904-B5BE-49216F84F98B}.Release|Any CPU.ActiveCfg = Release|Any CPU
		{32D4383B-5D2B-4904-B5BE-49216F84F98B}.Release|Any CPU.Build.0 = Release|Any CPU
		{32D4383B-5D2B-4904-B5BE-49216F84F98B}.Release|Any CPU.Deploy.0 = Release|Any CPU
		{32D4383B-5D2B-4904-B5BE-49216F84F98B}.Release|ARM.ActiveCfg = Release|Any CPU
		{32D4383B-5D2B-4904-B5BE-49216F84F98B}.Release|ARM.Build.0 = Release|Any CPU
		{32D4383B-5D2B-4904-B5BE-49216F84F98B}.Release|iPhone.ActiveCfg = Release|Any CPU
		{32D4383B-5D2B-4904-B5BE-49216F84F98B}.Release|iPhone.Build.0 = Release|Any CPU
		{32D4383B-5D2B-4904-B5BE-49216F84F98B}.Release|iPhoneSimulator.ActiveCfg = Release|Any CPU
		{32D4383B-5D2B-4904-B5BE-49216F84F98B}.Release|iPhoneSimulator.Build.0 = Release|Any CPU
		{32D4383B-5D2B-4904-B5BE-49216F84F98B}.Release|x64.ActiveCfg = Release|Any CPU
		{32D4383B-5D2B-4904-B5BE-49216F84F98B}.Release|x64.Build.0 = Release|Any CPU
		{32D4383B-5D2B-4904-B5BE-49216F84F98B}.Release|x86.ActiveCfg = Release|Any CPU
		{32D4383B-5D2B-4904-B5BE-49216F84F98B}.Release|x86.Build.0 = Release|Any CPU
	EndGlobalSection
	GlobalSection(SolutionProperties) = preSolution
		HideSolutionNode = FALSE
	EndGlobalSection
	GlobalSection(ExtensibilityGlobals) = postSolution
		SolutionGuid = {F6D05029-56B8-4E45-AF2D-0E76295DDBA2}
	EndGlobalSection
EndGlobal
